# THIS IS AN AUTOGENERATED FILE. DO NOT EDIT THIS FILE DIRECTLY.
# yarn lockfile v1




"@algolia/autocomplete-theme-classic@^1.5.1":
  version "1.6.2"
  resolved "https://registry.yarnpkg.com/@algolia/autocomplete-theme-classic/-/autocomplete-theme-classic-1.6.2.tgz#44ffcc869f7e9976037e3b661bcf28dd8640b209"
  integrity sha512-RUMAbqGEEQwj/l1y4pqY5yJ/8m7JHtDX+G9q+MTzhkMTO5zoKQ3n2FtbhPuiSdp0bULVJ0pRsTb5PTAe/rSdzg==

"@algolia/cache-browser-local-storage@4.13.0":
  version "4.13.0"
  resolved "https://registry.yarnpkg.com/@algolia/cache-browser-local-storage/-/cache-browser-local-storage-4.13.0.tgz#f8aa4fe31104b19d616ea392f9ed5c2ea847d964"
  integrity sha512-nj1vHRZauTqP/bluwkRIgEADEimqojJgoTRCel5f6q8WCa9Y8QeI4bpDQP28FoeKnDRYa3J5CauDlN466jqRhg==
  dependencies:
    "@algolia/cache-common" "4.13.0"

"@algolia/cache-browser-local-storage@4.9.1":
  version "4.9.1"
  resolved "https://registry.yarnpkg.com/@algolia/cache-browser-local-storage/-/cache-browser-local-storage-4.9.1.tgz#784e91580dcca00a8280b0905197f5abbbdf4b48"
  integrity sha512-bAUU9vKCy45uTTlzJw0LYu1IjoZsmzL6lgjaVFaW1crhX/4P+JD5ReQv3n/wpiXSFaHq1WEO3WyH2g3ymzeipQ==
  dependencies:
    "@algolia/cache-common" "4.9.1"

"@algolia/cache-common@4.13.0":
  version "4.13.0"
  resolved "https://registry.yarnpkg.com/@algolia/cache-common/-/cache-common-4.13.0.tgz#27b83fd3939d08d72261b36a07eeafc4cb4d2113"
  integrity sha512-f9mdZjskCui/dA/fA/5a+6hZ7xnHaaZI5tM/Rw9X8rRB39SUlF/+o3P47onZ33n/AwkpSbi5QOyhs16wHd55kA==

"@algolia/cache-common@4.9.1":
  version "4.9.1"
  resolved "https://registry.yarnpkg.com/@algolia/cache-common/-/cache-common-4.9.1.tgz#2d5f37ba7aab7db76627c4a4fce51a7fd137fa65"
  integrity sha512-tcvw4mOfFy44V4ZxDEy9wNGr6vFROZKRpXKTEBgdw/WBn6mX51H1ar4RWtceDEcDU4H5fIv5tsY3ip2hU+fTPg==

"@algolia/cache-in-memory@4.13.0":
  version "4.13.0"
  resolved "https://registry.yarnpkg.com/@algolia/cache-in-memory/-/cache-in-memory-4.13.0.tgz#10801a74550cbabb64b59ff08c56bce9c278ff2d"
  integrity sha512-hHdc+ahPiMM92CQMljmObE75laYzNFYLrNOu0Q3/eyvubZZRtY2SUsEEgyUEyzXruNdzrkcDxFYa7YpWBJYHAg==
  dependencies:
    "@algolia/cache-common" "4.13.0"

"@algolia/cache-in-memory@4.9.1":
  version "4.9.1"
  resolved "https://registry.yarnpkg.com/@algolia/cache-in-memory/-/cache-in-memory-4.9.1.tgz#3fd1d67aec804b6cc8439015b8b9c712a45c7ae0"
  integrity sha512-IEJrHonvdymW2CnRfJtsTVWyfAH05xPEFkGXGCw00+6JNCj8Dln3TeaRLiaaY1srlyGedkemekQm1/Xb46CGOQ==
  dependencies:
    "@algolia/cache-common" "4.9.1"

"@algolia/client-account@4.13.0":
  version "4.13.0"
  resolved "https://registry.yarnpkg.com/@algolia/client-account/-/client-account-4.13.0.tgz#f8646dd40d1e9e3353e10abbd5d6c293ea92a8e2"
  integrity sha512-FzFqFt9b0g/LKszBDoEsW+dVBuUe1K3scp2Yf7q6pgHWM1WqyqUlARwVpLxqyc+LoyJkTxQftOKjyFUqddnPKA==
  dependencies:
    "@algolia/client-common" "4.13.0"
    "@algolia/client-search" "4.13.0"
    "@algolia/transporter" "4.13.0"

"@algolia/client-account@4.9.1":
  version "4.9.1"
  resolved "https://registry.yarnpkg.com/@algolia/client-account/-/client-account-4.9.1.tgz#f2c1b3e49de2ee1fca44b8b5e64e1ce0dbdff0db"
  integrity sha512-Shpjeuwb7i2LR5QuWREb6UbEQLGB+Pl/J5+wPgILJDP/uWp7jpl0ase9mYNQGKj7TjztpSpQCPZ3dSHPnzZPfw==
  dependencies:
    "@algolia/client-common" "4.9.1"
    "@algolia/client-search" "4.9.1"
    "@algolia/transporter" "4.9.1"

"@algolia/client-analytics@4.13.0":
  version "4.13.0"
  resolved "https://registry.yarnpkg.com/@algolia/client-analytics/-/client-analytics-4.13.0.tgz#a00bd02df45d71becb9dd4c5c993d805f2e1786d"
  integrity sha512-klmnoq2FIiiMHImkzOm+cGxqRLLu9CMHqFhbgSy9wtXZrqb8BBUIUE2VyBe7azzv1wKcxZV2RUyNOMpFqmnRZA==
  dependencies:
    "@algolia/client-common" "4.13.0"
    "@algolia/client-search" "4.13.0"
    "@algolia/requester-common" "4.13.0"
    "@algolia/transporter" "4.13.0"

"@algolia/client-analytics@4.9.1":
  version "4.9.1"
  resolved "https://registry.yarnpkg.com/@algolia/client-analytics/-/client-analytics-4.9.1.tgz#56972496526910c53c5ce7844f4571efba63eb5f"
  integrity sha512-/g6OkOSIA+A0t/tjvbL6iG/zV4El4LPFgv/tcAYHTH27BmlNtnEXw+iFpGjeUlQoPily9WVB3QNLMJkaNwL3HA==
  dependencies:
    "@algolia/client-common" "4.9.1"
    "@algolia/client-search" "4.9.1"
    "@algolia/requester-common" "4.9.1"
    "@algolia/transporter" "4.9.1"

"@algolia/client-common@4.13.0":
  version "4.13.0"
  resolved "https://registry.yarnpkg.com/@algolia/client-common/-/client-common-4.13.0.tgz#8bc373d164dbdcce38b4586912bbe162492bcb86"
  integrity sha512-GoXfTp0kVcbgfSXOjfrxx+slSipMqGO9WnNWgeMmru5Ra09MDjrcdunsiiuzF0wua6INbIpBQFTC2Mi5lUNqGA==
  dependencies:
    "@algolia/requester-common" "4.13.0"
    "@algolia/transporter" "4.13.0"

"@algolia/client-common@4.9.1":
  version "4.9.1"
  resolved "https://registry.yarnpkg.com/@algolia/client-common/-/client-common-4.9.1.tgz#ae313b65d3249efcb4fafd2e92ed1fa2fd075482"
  integrity sha512-UziRTZ8km3qwoVPIyEre8TV6V+MX7UtbfVqPmSafZ0xu41UUZ+sL56YoKjOXkbKuybeIC9prXMGy/ID5bXkTqg==
  dependencies:
    "@algolia/requester-common" "4.9.1"
    "@algolia/transporter" "4.9.1"

"@algolia/client-personalization@4.13.0":
  version "4.13.0"
  resolved "https://registry.yarnpkg.com/@algolia/client-personalization/-/client-personalization-4.13.0.tgz#10fb7af356422551f11a67222b39c52306f1512c"
  integrity sha512-KneLz2WaehJmNfdr5yt2HQETpLaCYagRdWwIwkTqRVFCv4DxRQ2ChPVW9jeTj4YfAAhfzE6F8hn7wkQ/Jfj6ZA==
  dependencies:
    "@algolia/client-common" "4.13.0"
    "@algolia/requester-common" "4.13.0"
    "@algolia/transporter" "4.13.0"

"@algolia/client-recommendation@4.9.1":
  version "4.9.1"
  resolved "https://registry.yarnpkg.com/@algolia/client-recommendation/-/client-recommendation-4.9.1.tgz#217af2a38d37ab12cf23a419cc9a576af9d15b13"
  integrity sha512-Drtvvm1PNIOpYf4HFlkPFstFQ3IsN+TRmxur2F7y6Faplb5ybISa8ithu1tmlTdyTf3A78hQUQjgJet6qD2XZw==
  dependencies:
    "@algolia/client-common" "4.9.1"
    "@algolia/requester-common" "4.9.1"
    "@algolia/transporter" "4.9.1"

"@algolia/client-search@4.13.0", "@algolia/client-search@^4.12.0":
  version "4.13.0"
  resolved "https://registry.yarnpkg.com/@algolia/client-search/-/client-search-4.13.0.tgz#2d8ff8e755c4a37ec89968f3f9b358eed005c7f0"
  integrity sha512-blgCKYbZh1NgJWzeGf+caKE32mo3j54NprOf0LZVCubQb3Kx37tk1Hc8SDs9bCAE8hUvf3cazMPIg7wscSxspA==
  dependencies:
    "@algolia/client-common" "4.13.0"
    "@algolia/requester-common" "4.13.0"
    "@algolia/transporter" "4.13.0"

"@algolia/client-search@4.9.1":
  version "4.9.1"
  resolved "https://registry.yarnpkg.com/@algolia/client-search/-/client-search-4.9.1.tgz#a2fbc47a1b343dade9a8b06310231d51ff675b1b"
  integrity sha512-r9Cw2r8kJr45iYncFDht6EshARghU265wuY8Q8oHrpFHjAziEYdsUOdNmQKbsSH5J3gLjDPx1EI5DzVd6ivn3w==
  dependencies:
    "@algolia/client-common" "4.9.1"
    "@algolia/requester-common" "4.9.1"
    "@algolia/transporter" "4.9.1"

"@algolia/events@^4.0.1":
  version "4.0.1"
  resolved "https://registry.yarnpkg.com/@algolia/events/-/events-4.0.1.tgz#fd39e7477e7bc703d7f893b556f676c032af3950"
  integrity sha512-FQzvOCgoFXAbf5Y6mYozw2aj5KCJoA3m4heImceldzPSMbdyS4atVjJzXKMsfX3wnZTFYwkkt8/z8UesLHlSBQ==

"@algolia/logger-common@4.13.0":
  version "4.13.0"
  resolved "https://registry.yarnpkg.com/@algolia/logger-common/-/logger-common-4.13.0.tgz#be2606e71aae618a1ff1ea9a1b5f5a74284b35a8"
  integrity sha512-8yqXk7rMtmQJ9wZiHOt/6d4/JDEg5VCk83gJ39I+X/pwUPzIsbKy9QiK4uJ3aJELKyoIiDT1hpYVt+5ia+94IA==

"@algolia/logger-common@4.9.1":
  version "4.9.1"
  resolved "https://registry.yarnpkg.com/@algolia/logger-common/-/logger-common-4.9.1.tgz#3323834095f2916338d2535d2df91c4723ac19f2"
  integrity sha512-9mPrbFlFyPT7or/7PXTiJjyOewWB9QRkZKVXkt5zHAUiUzGxmmdpJIGpPv3YQnDur8lXrXaRI0MHXUuIDMY1ng==

"@algolia/logger-console@4.13.0":
  version "4.13.0"
  resolved "https://registry.yarnpkg.com/@algolia/logger-console/-/logger-console-4.13.0.tgz#f28028a760e3d9191e28a10b12925e48f6c9afde"
  integrity sha512-YepRg7w2/87L0vSXRfMND6VJ5d6699sFJBRWzZPOlek2p5fLxxK7O0VncYuc/IbVHEgeApvgXx0WgCEa38GVuQ==
  dependencies:
    "@algolia/logger-common" "4.13.0"

"@algolia/logger-console@4.9.1":
  version "4.9.1"
  resolved "https://registry.yarnpkg.com/@algolia/logger-console/-/logger-console-4.9.1.tgz#c324ef26843dbed06b44586309331dbb949744ad"
  integrity sha512-74VUwjtFjFpjZpi3QoHIPv0kcr3vWUSHX/Vs8PJW3lPsD4CgyhFenQbG9v+ZnyH0JrJwiYTtzfmrVh7IMWZGrQ==
  dependencies:
    "@algolia/logger-common" "4.9.1"

"@algolia/requester-browser-xhr@4.13.0":
  version "4.13.0"
  resolved "https://registry.yarnpkg.com/@algolia/requester-browser-xhr/-/requester-browser-xhr-4.13.0.tgz#e2483f4e8d7f09e27cd0daf6c77711d15c5a919f"
  integrity sha512-Dj+bnoWR5MotrnjblzGKZ2kCdQi2cK/VzPURPnE616NU/il7Ypy6U6DLGZ/ZYz+tnwPa0yypNf21uqt84fOgrg==
  dependencies:
    "@algolia/requester-common" "4.13.0"

"@algolia/requester-browser-xhr@4.9.1":
  version "4.9.1"
  resolved "https://registry.yarnpkg.com/@algolia/requester-browser-xhr/-/requester-browser-xhr-4.9.1.tgz#0812f3c7c4105a4646c0fba8429b172b2d0e01c5"
  integrity sha512-zc46tk5o0ikOAz3uYiRAMxC2iVKAMFKT7nNZnLB5IzT0uqAh7pz/+D/UvIxP4bKmsllpBSnPcpfQF+OI4Ag/BA==
  dependencies:
    "@algolia/requester-common" "4.9.1"

"@algolia/requester-common@4.13.0":
  version "4.13.0"
  resolved "https://registry.yarnpkg.com/@algolia/requester-common/-/requester-common-4.13.0.tgz#47fb3464cfb26b55ba43676d13f295d812830596"
  integrity sha512-BRTDj53ecK+gn7ugukDWOOcBRul59C4NblCHqj4Zm5msd5UnHFjd/sGX+RLOEoFMhetILAnmg6wMrRrQVac9vw==

"@algolia/client-account@4.11.0":
  version "4.11.0"
  resolved "https://registry.yarnpkg.com/@algolia/client-account/-/client-account-4.11.0.tgz#67fadd3b0802b013ebaaa4b47bb7babae892374e"
  integrity sha512-jwmFBoUSzoMwMqgD3PmzFJV/d19p1RJXB6C1ADz4ju4mU7rkaQLtqyZroQpheLoU5s5Tilmn/T8/0U2XLoJCRQ==
  dependencies:
    "@algolia/client-common" "4.11.0"
    "@algolia/client-search" "4.11.0"
    "@algolia/transporter" "4.11.0"



"@algolia/client-common@4.11.0":
  version "4.11.0"
  resolved "https://registry.yarnpkg.com/@algolia/client-common/-/client-common-4.11.0.tgz#9a2d1f6f8eaad25ba5d6d4ce307ba5bd84e6f999"
  integrity sha512-Qy+F+TZq12kc7tgfC+FM3RvYH/Ati7sUiUv/LkvlxFwNwNPwWGoZO81AzVSareXT/ksDDrabD4mHbdTbBPTRmQ==
  dependencies:
    "@algolia/requester-common" "4.11.0"
    "@algolia/transporter" "4.11.0"



"@algolia/client-search@4.11.0", "@algolia/client-search@^4.10.3":
  version "4.11.0"
  resolved "https://registry.yarnpkg.com/@algolia/client-search/-/client-search-4.11.0.tgz#c1105d715a2a04ba27231eca86f5d6620f68f4ae"
  integrity sha512-iovPLc5YgiXBdw2qMhU65sINgo9umWbHFzInxoNErWnYoTQWfXsW6P54/NlKx5uscoLVjSf+5RUWwFu5BX+lpw==
  dependencies:
    "@algolia/client-common" "4.11.0"
    "@algolia/requester-common" "4.11.0"
    "@algolia/transporter" "4.11.0"

